
Microsoft Visual Studio Solution File, Format Version 12.00
# Visual Studio Version 16
VisualStudioVersion = 16.0.28803.156
MinimumVisualStudioVersion = 10.0.40219.1
Project("{FAE04EC0-301F-11D3-BF4B-00C04F79EFBC}") = "TrabalhoLP2", "TrabalhoLP2.csproj", "{1BAD5577-7A60-4BA2-996D-539527E060FB}"
EndProject
Global
	GlobalSection(SolutionConfigurationPlatforms) = preSolution
		Debug|Any CPU = Debug|Any CPU
		Release|Any CPU = Release|Any CPU
	EndGlobalSection
	GlobalSection(ProjectConfigurationPlatforms) = postSolution
		{1BAD5577-7A60-4BA2-996D-539527E060FB}.Debug|Any CPU.ActiveCfg = Debug|Any CPU
		{1BAD5577-7A60-4BA2-996D-539527E060FB}.Debug|Any CPU.Build.0 = Debug|Any CPU
		{1BAD5577-7A60-4BA2-996D-539527E060FB}.Release|Any CPU.ActiveCfg = Release|Any CPU
		{1BAD5577-7A60-4BA2-996D-539527E060FB}.Release|Any CPU.Build.0 = Release|Any CPU
	EndGlobalSection
	GlobalSection(SolutionProperties) = preSolution
		HideSolutionNode = FALSE
	EndGlobalSection
	GlobalSection(ExtensibilityGlobals) = postSolution
		SolutionGuid = {252B65A6-FA7E-4568-88A4-BE9CB547BA47}
	EndGlobalSection
EndGlobal
